#MicroXplorer Configuration settings - do not modify
CRC.CRCLength=CRC_POLYLENGTH_8B
CRC.DefaultInitValueUse=DEFAULT_INIT_VALUE_ENABLE
CRC.DefaultPolynomialUse=DEFAULT_POLYNOMIAL_DISABLE
CRC.IPParameters=DefaultInitValueUse,DefaultPolynomialUse,CRCLength
Dma.Request0=USART1_TX
Dma.Request1=USART2_RX
Dma.RequestsNb=2
Dma.USART1_TX.0.Direction=DMA_MEMORY_TO_PERIPH
Dma.USART1_TX.0.Instance=DMA1_Channel4
Dma.USART1_TX.0.MemDataAlignment=DMA_MDATAALIGN_BYTE
Dma.USART1_TX.0.MemInc=DMA_MINC_ENABLE
Dma.USART1_TX.0.Mode=DMA_NORMAL
Dma.USART1_TX.0.PeriphDataAlignment=DMA_PDATAALIGN_BYTE
Dma.USART1_TX.0.PeriphInc=DMA_PINC_DISABLE
Dma.USART1_TX.0.Priority=DMA_PRIORITY_LOW
Dma.USART1_TX.0.RequestParameters=Instance,Direction,PeriphInc,MemInc,PeriphDataAlignment,MemDataAlignment,Mode,Priority
Dma.USART2_RX.1.Direction=DMA_PERIPH_TO_MEMORY
Dma.USART2_RX.1.Instance=DMA1_Channel6
Dma.USART2_RX.1.MemDataAlignment=DMA_MDATAALIGN_BYTE
Dma.USART2_RX.1.MemInc=DMA_MINC_ENABLE
Dma.USART2_RX.1.Mode=DMA_NORMAL
Dma.USART2_RX.1.PeriphDataAlignment=DMA_PDATAALIGN_BYTE
Dma.USART2_RX.1.PeriphInc=DMA_PINC_DISABLE
Dma.USART2_RX.1.Priority=DMA_PRIORITY_HIGH
Dma.USART2_RX.1.RequestParameters=Instance,Direction,PeriphInc,MemInc,PeriphDataAlignment,MemDataAlignment,Mode,Priority
File.Version=6
GPIO.groupedBy=Group By Peripherals
IWDG.IPParameters=Window,Reload
IWDG.Reload=1500
IWDG.Window=1500
KeepUserPlacement=false
Mcu.Family=STM32F3
Mcu.IP0=CRC
Mcu.IP1=DMA
Mcu.IP2=IWDG
Mcu.IP3=NVIC
Mcu.IP4=RCC
Mcu.IP5=SYS
Mcu.IP6=TIM6
Mcu.IP7=TIM7
Mcu.IP8=USART1
Mcu.IP9=USART2
Mcu.IPNb=10
Mcu.Name=STM32F303K(6-8)Tx
Mcu.Package=LQFP32
Mcu.Pin0=PA0
Mcu.Pin1=PA1
Mcu.Pin10=PA10
Mcu.Pin11=PA11
Mcu.Pin12=PA12
Mcu.Pin13=PB3
Mcu.Pin14=PB4
Mcu.Pin15=PB5
Mcu.Pin16=PB6
Mcu.Pin17=PB7
Mcu.Pin18=VP_CRC_VS_CRC
Mcu.Pin19=VP_IWDG_VS_IWDG
Mcu.Pin2=PA2
Mcu.Pin20=VP_SYS_VS_Systick
Mcu.Pin21=VP_TIM6_VS_ClockSourceINT
Mcu.Pin22=VP_TIM7_VS_ClockSourceINT
Mcu.Pin3=PA3
Mcu.Pin4=PA4
Mcu.Pin5=PA7
Mcu.Pin6=PB0
Mcu.Pin7=PB1
Mcu.Pin8=PA8
Mcu.Pin9=PA9
Mcu.PinsNb=23
Mcu.ThirdPartyNb=0
Mcu.UserConstants=
Mcu.UserName=STM32F303K8Tx
MxCube.Version=6.1.1
MxDb.Version=DB.6.0.10
NVIC.BusFault_IRQn=true\:0\:0\:false\:false\:true\:false\:false
NVIC.DMA1_Channel4_IRQn=true\:2\:0\:true\:false\:true\:false\:true
NVIC.DMA1_Channel6_IRQn=true\:1\:0\:true\:false\:true\:false\:true
NVIC.DebugMonitor_IRQn=true\:0\:0\:false\:false\:true\:false\:false
NVIC.ForceEnableDMAVector=true
NVIC.HardFault_IRQn=true\:0\:0\:false\:false\:true\:false\:false
NVIC.MemoryManagement_IRQn=true\:0\:0\:false\:false\:true\:false\:false
NVIC.NonMaskableInt_IRQn=true\:0\:0\:false\:false\:true\:false\:false
NVIC.PendSV_IRQn=true\:0\:0\:false\:false\:true\:false\:false
NVIC.PriorityGroup=NVIC_PRIORITYGROUP_2
NVIC.SVCall_IRQn=true\:0\:0\:false\:false\:true\:false\:false
NVIC.SysTick_IRQn=true\:0\:0\:false\:false\:true\:false\:true
NVIC.TIM6_DAC1_IRQn=true\:1\:1\:true\:false\:true\:true\:true
NVIC.TIM7_DAC2_IRQn=true\:3\:0\:true\:false\:true\:true\:true
NVIC.USART1_IRQn=true\:2\:0\:true\:false\:true\:true\:true
NVIC.USART2_IRQn=true\:1\:0\:true\:false\:true\:true\:true
NVIC.UsageFault_IRQn=true\:0\:0\:false\:false\:true\:false\:false
PA0.GPIOParameters=GPIO_Label
PA0.GPIO_Label=DBG
PA0.Signal=GPIO_Output
PA1.GPIOParameters=GPIO_Label
PA1.GPIO_Label=MODE_1_BUTTON
PA1.Signal=GPIO_Input
PA10.GPIOParameters=GPIO_Label
PA10.GPIO_Label=LCD_RX
PA10.Mode=Asynchronous
PA10.Signal=USART1_RX
PA11.GPIOParameters=GPIO_Label
PA11.GPIO_Label=FUELCELL_RACE_MODE_BUTTON
PA11.Signal=GPIO_Input
PA12.GPIOParameters=GPIO_Label
PA12.GPIO_Label=HALF_GAS_BUTTON
PA12.Signal=GPIO_Input
PA2.GPIOParameters=GPIO_Label
PA2.GPIO_Label=RS485_NUCLEO_TX
PA2.Mode=Asynchronous
PA2.Signal=USART2_TX
PA3.GPIOParameters=GPIO_Label
PA3.GPIO_Label=RS485_NUCLEO_RX
PA3.Mode=Asynchronous
PA3.Signal=USART2_RX
PA4.GPIOParameters=GPIO_Label
PA4.GPIO_Label=FULL_GAS_BUTTON
PA4.Signal=GPIO_Input
PA7.GPIOParameters=GPIO_Label
PA7.GPIO_Label=LED_STS
PA7.Signal=GPIO_Output
PA8.GPIOParameters=GPIO_Label
PA8.GPIO_Label=SC_CLOSE_BUTTON
PA8.Signal=GPIO_Input
PA9.GPIOParameters=GPIO_Label
PA9.GPIO_Label=LCD_TX
PA9.Mode=Asynchronous
PA9.Signal=USART1_TX
PB0.GPIOParameters=GPIO_Label
PB0.GPIO_Label=HORN_BUTTON
PB0.Signal=GPIO_Input
PB1.GPIOParameters=GPIO_Label
PB1.GPIO_Label=MODE_2_BUTTON
PB1.Signal=GPIO_Input
PB3.GPIOParameters=GPIO_Label
PB3.GPIO_Label=LED_NUCLEO
PB3.Signal=GPIO_Output
PB4.GPIOParameters=GPIO_Label
PB4.GPIO_Label=FUELCELL_OFF_MODE_BUTTON
PB4.Signal=GPIO_Input
PB5.GPIOParameters=GPIO_Label
PB5.GPIO_Label=FUELCELL_PREPARETORACE_MODE_BUTTON
PB5.Signal=GPIO_Input
PB6.GPIOParameters=GPIO_PuPd,GPIO_Label
PB6.GPIO_Label=SUPPLY_BUTTON
PB6.GPIO_PuPd=GPIO_NOPULL
PB6.Signal=GPIO_Input
PB7.GPIOParameters=GPIO_Label
PB7.GPIO_Label=SPEED_RESET_BUTTON
PB7.Signal=GPIO_Input
PinOutPanel.RotationAngle=0
ProjectManager.AskForMigrate=true
ProjectManager.BackupPrevious=false
ProjectManager.CompilerOptimize=6
ProjectManager.ComputerToolchain=false
ProjectManager.CoupleFile=true
ProjectManager.CustomerFirmwarePackage=
ProjectManager.DefaultFWLocation=true
ProjectManager.DeletePrevious=true
ProjectManager.DeviceId=STM32F303K8Tx
ProjectManager.FirmwarePackage=STM32Cube FW_F3 V1.11.2
ProjectManager.FreePins=false
ProjectManager.HalAssertFull=false
ProjectManager.HeapSize=0x200
ProjectManager.KeepUserCode=true
ProjectManager.LastFirmware=true
ProjectManager.LibraryCopy=1
ProjectManager.MainLocation=Core/Src
ProjectManager.NoMain=false
ProjectManager.PreviousToolchain=
ProjectManager.ProjectBuild=false
ProjectManager.ProjectFileName=steeringwheel.ioc
ProjectManager.ProjectName=steeringwheel
ProjectManager.RegisterCallBack=
ProjectManager.StackSize=0x400
ProjectManager.TargetToolchain=STM32CubeIDE
ProjectManager.ToolChainLocation=
ProjectManager.UnderRoot=true
ProjectManager.functionlistsort=1-MX_GPIO_Init-GPIO-false-HAL-true,2-MX_DMA_Init-DMA-false-HAL-true,3-SystemClock_Config-RCC-false-HAL-false,4-MX_USART1_UART_Init-USART1-false-HAL-true,5-MX_USART2_UART_Init-USART2-false-HAL-true,6-MX_IWDG_Init-IWDG-false-HAL-true,7-MX_CRC_Init-CRC-false-HAL-true,8-MX_TIM6_Init-TIM6-false-HAL-true,9-MX_TIM7_Init-TIM7-false-HAL-true
RCC.ADC12outputFreq_Value=64000000
RCC.AHBFreq_Value=64000000
RCC.APB1CLKDivider=RCC_HCLK_DIV2
RCC.APB1Freq_Value=32000000
RCC.APB1TimFreq_Value=64000000
RCC.APB2Freq_Value=64000000
RCC.APB2TimFreq_Value=64000000
RCC.CortexFreq_Value=64000000
RCC.FCLKCortexFreq_Value=64000000
RCC.FamilyName=M
RCC.HCLKFreq_Value=64000000
RCC.HSEPLLFreq_Value=8000000
RCC.HSE_VALUE=8000000
RCC.HSIPLLFreq_Value=4000000
RCC.HSI_VALUE=8000000
RCC.I2C1Freq_Value=8000000
RCC.IPParameters=ADC12outputFreq_Value,AHBFreq_Value,APB1CLKDivider,APB1Freq_Value,APB1TimFreq_Value,APB2Freq_Value,APB2TimFreq_Value,CortexFreq_Value,FCLKCortexFreq_Value,FamilyName,HCLKFreq_Value,HSEPLLFreq_Value,HSE_VALUE,HSIPLLFreq_Value,HSI_VALUE,I2C1Freq_Value,LSI_VALUE,MCOFreq_Value,PLLCLKFreq_Value,PLLMCOFreq_Value,PLLMUL,RTCFreq_Value,RTCHSEDivFreq_Value,SYSCLKFreq_VALUE,SYSCLKSourceVirtual,TIM1Freq_Value,TIM2Freq_Value,USART1Freq_Value,VCOOutput2Freq_Value
RCC.LSI_VALUE=40000
RCC.MCOFreq_Value=64000000
RCC.PLLCLKFreq_Value=64000000
RCC.PLLMCOFreq_Value=64000000
RCC.PLLMUL=RCC_PLL_MUL16
RCC.RTCFreq_Value=40000
RCC.RTCHSEDivFreq_Value=250000
RCC.SYSCLKFreq_VALUE=64000000
RCC.SYSCLKSourceVirtual=RCC_SYSCLKSOURCE_PLLCLK
RCC.TIM1Freq_Value=64000000
RCC.TIM2Freq_Value=64000000
RCC.USART1Freq_Value=32000000
RCC.VCOOutput2Freq_Value=4000000
TIM6.IPParameters=Prescaler,Period
TIM6.Period=(100-1)
TIM6.Prescaler=(64-1)
TIM7.AutoReloadPreload=TIM_AUTORELOAD_PRELOAD_ENABLE
TIM7.IPParameters=Period,Prescaler,AutoReloadPreload
TIM7.Period=10-1
TIM7.Prescaler=64-1
USART1.BaudRate=921600
USART1.DMADisableonRxErrorParam=ADVFEATURE_DMA_DISABLEONRXERROR
USART1.IPParameters=VirtualMode-Asynchronous,BaudRate,OverSampling,OneBitSampling,OverrunDisableParam,DMADisableonRxErrorParam,Mode
USART1.Mode=MODE_TX_RX
USART1.OneBitSampling=UART_ONE_BIT_SAMPLE_ENABLE
USART1.OverSampling=UART_OVERSAMPLING_8
USART1.OverrunDisableParam=ADVFEATURE_OVERRUN_DISABLE
USART1.VirtualMode-Asynchronous=VM_ASYNC
USART2.BaudRate=921600
USART2.DMADisableonRxErrorParam=ADVFEATURE_DMA_DISABLEONRXERROR
USART2.IPParameters=VirtualMode-Asynchronous,BaudRate,OverrunDisableParam,DMADisableonRxErrorParam,OverSampling,OneBitSampling
USART2.OneBitSampling=UART_ONE_BIT_SAMPLE_ENABLE
USART2.OverSampling=UART_OVERSAMPLING_8
USART2.OverrunDisableParam=ADVFEATURE_OVERRUN_DISABLE
USART2.VirtualMode-Asynchronous=VM_ASYNC
VP_CRC_VS_CRC.Mode=CRC_Activate
VP_CRC_VS_CRC.Signal=CRC_VS_CRC
VP_IWDG_VS_IWDG.Mode=IWDG_Activate
VP_IWDG_VS_IWDG.Signal=IWDG_VS_IWDG
VP_SYS_VS_Systick.Mode=SysTick
VP_SYS_VS_Systick.Signal=SYS_VS_Systick
VP_TIM6_VS_ClockSourceINT.Mode=Enable_Timer
VP_TIM6_VS_ClockSourceINT.Signal=TIM6_VS_ClockSourceINT
VP_TIM7_VS_ClockSourceINT.Mode=Enable_Timer
VP_TIM7_VS_ClockSourceINT.Signal=TIM7_VS_ClockSourceINT
board=custom
isbadioc=false
